PODS:
  - Alamofire (4.4.0)
  - BuddyBuildSDK (1.0.16)
  - Crashlytics (3.8.4):
    - Fabric (~> 1.6.3)
  - Delugion (0.2.7):
    - Alamofire (~> 4.2)
    - Himotoki (~> 3.0)
  - Fabric (1.6.11)
  - Himotoki (3.0.1)
  - Nimble (7.0.1)
  - Quick (1.1.0)
  - ReachabilitySwift (3)
  - Reveal-SDK (8)
  - RxBlocking (3.5.0):
    - RxSwift (~> 3.4)
  - RxCocoa (3.5.0):
    - RxSwift (~> 3.4)
  - RxNimble (3.0.0):
    - Nimble (~> 7.0)
    - RxBlocking (~> 3.0)
    - RxSwift (~> 3.0)
  - RxOptional (3.1.3):
    - RxCocoa
    - RxSwift
  - RxReachability (0.1.3):
    - ReachabilitySwift (~> 3)
    - RxCocoa (~> 3)
    - RxSwift (~> 3)
  - RxSwift (3.5.0)
  - SwiftyBeaver (1.2.2)
  - Swinject (2.1.0)
  - SwinjectStoryboard (1.1.1):
    - Swinject (~> 2.0)
  - SwipeCellKit (1.8.0)

DEPENDENCIES:
  - BuddyBuildSDK (~> 1.0)
  - Crashlytics
  - Delugion (from `https://github.com/yotamoo/Delugion.git`)
  - Fabric
  - Nimble (~> 7.0)
  - Quick (~> 1.1)
  - Reveal-SDK
  - RxCocoa (~> 3.4)
  - RxNimble (~> 3.0)
  - RxOptional (~> 3.1)
  - RxReachability (~> 0.1)
  - RxSwift (~> 3.4)
  - SwiftyBeaver (~> 1.2)
  - Swinject (~> 2.1)
  - SwinjectStoryboard (~> 1.1)
  - SwipeCellKit (~> 1.8)

EXTERNAL SOURCES:
  Delugion:
    :git: https://github.com/yotamoo/Delugion.git

CHECKOUT OPTIONS:
  Delugion:
    :commit: 8012ecf93fc689ca83e5c995b88d44c0af0f1c22
    :git: https://github.com/yotamoo/Delugion.git

SPEC CHECKSUMS:
  Alamofire: dc44b1600b800eb63da6a19039a0083d62a6a62d
  BuddyBuildSDK: 2c5469eee2981a3365386e46393e97068d75e4f4
  Crashlytics: 79e236942ca1e7fc641df1feb9a275360a78ab6a
  Delugion: 4546f7e7c58841d7875cbe1b2246473ea42c8a88
  Fabric: 5911403591946b8228ab1c51d98f1d7137e863c6
  Himotoki: 85fda41d4d0e14f7228317a3b474175cdfb8f515
  Nimble: 657d000e11df8aebe27cdaf9d244de7f30ed87f7
  Quick: dafc587e21eed9f4cab3249b9f9015b0b7a7f71d
  ReachabilitySwift: f5b9bb30a0777fac8f09ce8b067e32faeb29bb64
  Reveal-SDK: 43be4e662864e937960d0d04d005135e29c4e53b
  RxBlocking: 471315e18b87c5ed4b9d0c69a57dfdbca5c01af1
  RxCocoa: a0a09f45d0e5b48ecb6a4a7b4b4c89c88d3f633f
  RxNimble: 64ef7b0eb8edb423b088773f35d14dda37593460
  RxOptional: b97b59183af80d1e729ac9e51d09a10be668d6a8
  RxReachability: 0e781fc978c3c850dda6cafa2c5956ff806a1fcc
  RxSwift: 18ee9d78b45edb3b0b7e79916b47a116e6dbc842
  SwiftyBeaver: 90a39e3dc5136b7285f2e4c870b107e3933b8b84
  Swinject: 85e468ac75c5c2d234076f98c591d57d56bc64bc
  SwinjectStoryboard: 4c71c25f312322844d39ee06f0f523db7b9b10a3
  SwipeCellKit: 01a58bf7e63d5df09aedd161828833944c4c333c

PODFILE CHECKSUM: 1713feda83ff4bb32863c26445cc4a178bfd10b6

COCOAPODS: 1.2.1
