PODS:
  - Alamofire (4.4.0)
  - Delugion (0.1.0):
    - Alamofire (~> 4.2)
  - RxCocoa (3.3.1):
    - RxSwift (~> 3.3)
  - RxSwift (3.3.1)
  - Swinject (2.0.0)
  - SwinjectStoryboard (1.0.0):
    - Swinject (= 2.0.0)

DEPENDENCIES:
  - Delugion (from `../Delugion/`)
  - RxCocoa (~> 3.3)
  - RxSwift (~> 3.3)
  - Swinject (~> 2.0)
  - SwinjectStoryboard (~> 1.0)

EXTERNAL SOURCES:
  Delugion:
    :path: "../Delugion/"

SPEC CHECKSUMS:
  Alamofire: dc44b1600b800eb63da6a19039a0083d62a6a62d
  Delugion: 1f85848e2393ed595094e5d0a3fc20e75742a9b6
  RxCocoa: 7dcb7a1860fc9cd0e23dae67ab105fc2916670b6
  RxSwift: 8fc9f2de6275a9101d518444e00bf32f1a42caac
  Swinject: 2e964a80d70ab09b3949c99032711f89147bfd60
  SwinjectStoryboard: 8e0d3c0202b64172bdf915d55e8dc83d9c4e7863

PODFILE CHECKSUM: 18ee03208c2576c71956275d4f339d0e163b6489

COCOAPODS: 1.2.0
