// !$*UTF8*$!
{
	archiveVersion = 1;
	classes = {
	};
	objectVersion = 46;
	objects = {

/* Begin PBXBuildFile section */
		553AC7E71E959A4200B2A658 /* AppDelegate.swift in Sources */ = {isa = PBXBuildFile; fileRef = 553AC7E61E959A4200B2A658 /* AppDelegate.swift */; };
		553AC7E91E959A4200B2A658 /* ViewController.swift in Sources */ = {isa = PBXBuildFile; fileRef = 553AC7E81E959A4200B2A658 /* ViewController.swift */; };
		553AC7EC1E959A4200B2A658 /* Main.storyboard in Resources */ = {isa = PBXBuildFile; fileRef = 553AC7EA1E959A4200B2A658 /* Main.storyboard */; };
		553AC7EE1E959A4200B2A658 /* Assets.xcassets in Resources */ = {isa = PBXBuildFile; fileRef = 553AC7ED1E959A4200B2A658 /* Assets.xcassets */; };
		553AC7F11E959A4200B2A658 /* LaunchScreen.storyboard in Resources */ = {isa = PBXBuildFile; fileRef = 553AC7EF1E959A4200B2A658 /* LaunchScreen.storyboard */; };
		553AC7FC1E959A4200B2A658 /* DelugeTests.swift in Sources */ = {isa = PBXBuildFile; fileRef = 553AC7FB1E959A4200B2A658 /* DelugeTests.swift */; };
/* End PBXBuildFile section */

/* Begin PBXContainerItemProxy section */
		553AC7F81E959A4200B2A658 /* PBXContainerItemProxy */ = {
			isa = PBXContainerItemProxy;
			containerPortal = 553AC7DB1E959A4200B2A658 /* Project object */;
			proxyType = 1;
			remoteGlobalIDString = 553AC7E21E959A4200B2A658;
			remoteInfo = Deluge;
		};
/* End PBXContainerItemProxy section */

/* Begin PBXFileReference section */
		553AC7E31E959A4200B2A658 /* Deluge.app */ = {isa = PBXFileReference; explicitFileType = wrapper.application; includeInIndex = 0; path = Deluge.app; sourceTree = BUILT_PRODUCTS_DIR; };
		553AC7E61E959A4200B2A658 /* AppDelegate.swift */ = {isa = PBXFileReference; lastKnownFileType = sourcecode.swift; path = AppDelegate.swift; sourceTree = "<group>"; };
		553AC7E81E959A4200B2A658 /* ViewController.swift */ = {isa = PBXFileReference; lastKnownFileType = sourcecode.swift; path = ViewController.swift; sourceTree = "<group>"; };
		553AC7EB1E959A4200B2A658 /* Base */ = {isa = PBXFileReference; lastKnownFileType = file.storyboard; name = Base; path = Base.lproj/Main.storyboard; sourceTree = "<group>"; };
		553AC7ED1E959A4200B2A658 /* Assets.xcassets */ = {isa = PBXFileReference; lastKnownFileType = folder.assetcatalog; path = Assets.xcassets; sourceTree = "<group>"; };
		553AC7F01E959A4200B2A658 /* Base */ = {isa = PBXFileReference; lastKnownFileType = file.storyboard; name = Base; path = Base.lproj/LaunchScreen.storyboard; sourceTree = "<group>"; };
		553AC7F21E959A4200B2A658 /* Info.plist */ = {isa = PBXFileReference; lastKnownFileType = text.plist.xml; path = Info.plist; sourceTree = "<group>"; };
		553AC7F71E959A4200B2A658 /* DelugeTests.xctest */ = {isa = PBXFileReference; explicitFileType = wrapper.cfbundle; includeInIndex = 0; path = DelugeTests.xctest; sourceTree = BUILT_PRODUCTS_DIR; };
		553AC7FB1E959A4200B2A658 /* DelugeTests.swift */ = {isa = PBXFileReference; lastKnownFileType = sourcecode.swift; path = DelugeTests.swift; sourceTree = "<group>"; };
		553AC7FD1E959A4200B2A658 /* Info.plist */ = {isa = PBXFileReference; lastKnownFileType = text.plist.xml; path = Info.plist; sourceTree = "<group>"; };
/* End PBXFileReference section */

/* Begin PBXFrameworksBuildPhase section */
		553AC7E01E959A4200B2A658 /* Frameworks */ = {
			isa = PBXFrameworksBuildPhase;
			buildActionMask = 2147483647;
			files = (
			);
			runOnlyForDeploymentPostprocessing = 0;
		};
		553AC7F41E959A4200B2A658 /* Frameworks */ = {
			isa = PBXFrameworksBuildPhase;
			buildActionMask = 2147483647;
			files = (
			);
			runOnlyForDeploymentPostprocessing = 0;
		};
/* End PBXFrameworksBuildPhase section */

/* Begin PBXGroup section */
		553AC7DA1E959A4200B2A658 = {
			isa = PBXGroup;
			children = (
				553AC7E51E959A4200B2A658 /* Deluge */,
				553AC7FA1E959A4200B2A658 /* DelugeTests */,
				553AC7E41E959A4200B2A658 /* Products */,
			);
			sourceTree = "<group>";
		};
		553AC7E41E959A4200B2A658 /* Products */ = {
			isa = PBXGroup;
			children = (
				553AC7E31E959A4200B2A658 /* Deluge.app */,
				553AC7F71E959A4200B2A658 /* DelugeTests.xctest */,
			);
			name = Products;
			sourceTree = "<group>";
		};
		553AC7E51E959A4200B2A658 /* Deluge */ = {
			isa = PBXGroup;
			children = (
				553AC7E61E959A4200B2A658 /* AppDelegate.swift */,
				553AC7E81E959A4200B2A658 /* ViewController.swift */,
				553AC7EA1E959A4200B2A658 /* Main.storyboard */,
				553AC7ED1E959A4200B2A658 /* Assets.xcassets */,
				553AC7EF1E959A4200B2A658 /* LaunchScreen.storyboard */,
				553AC7F21E959A4200B2A658 /* Info.plist */,
			);
			path = Deluge;
			sourceTree = "<group>";
		};
		553AC7FA1E959A4200B2A658 /* DelugeTests */ = {
			isa = PBXGroup;
			children = (
				553AC7FB1E959A4200B2A658 /* DelugeTests.swift */,
				553AC7FD1E959A4200B2A658 /* Info.plist */,
			);
			path = DelugeTests;
			sourceTree = "<group>";
		};
/* End PBXGroup section */

/* Begin PBXNativeTarget section */
		553AC7E21E959A4200B2A658 /* Deluge */ = {
			isa = PBXNativeTarget;
			buildConfigurationList = 553AC8001E959A4200B2A658 /* Build configuration list for PBXNativeTarget "Deluge" */;
			buildPhases = (
				553AC7DF1E959A4200B2A658 /* Sources */,
				553AC7E01E959A4200B2A658 /* Frameworks */,
				553AC7E11E959A4200B2A658 /* Resources */,
			);
			buildRules = (
			);
			dependencies = (
			);
			name = Deluge;
			productName = Deluge;
			productReference = 553AC7E31E959A4200B2A658 /* Deluge.app */;
			productType = "com.apple.product-type.application";
		};
		553AC7F61E959A4200B2A658 /* DelugeTests */ = {
			isa = PBXNativeTarget;
			buildConfigurationList = 553AC8031E959A4200B2A658 /* Build configuration list for PBXNativeTarget "DelugeTests" */;
			buildPhases = (
				553AC7F31E959A4200B2A658 /* Sources */,
				553AC7F41E959A4200B2A658 /* Frameworks */,
				553AC7F51E959A4200B2A658 /* Resources */,
			);
			buildRules = (
			);
			dependencies = (
				553AC7F91E959A4200B2A658 /* PBXTargetDependency */,
			);
			name = DelugeTests;
			productName = DelugeTests;
			productReference = 553AC7F71E959A4200B2A658 /* DelugeTests.xctest */;
			productType = "com.apple.product-type.bundle.unit-test";
		};
/* End PBXNativeTarget section */

/* Begin PBXProject section */
		553AC7DB1E959A4200B2A658 /* Project object */ = {
			isa = PBXProject;
			attributes = {
				LastSwiftUpdateCheck = 0830;
				LastUpgradeCheck = 0830;
				ORGANIZATIONNAME = "Yotam Ohayon";
				TargetAttributes = {
					553AC7E21E959A4200B2A658 = {
						CreatedOnToolsVersion = 8.3;
						DevelopmentTeam = 7V77HPPE58;
						ProvisioningStyle = Automatic;
					};
					553AC7F61E959A4200B2A658 = {
						CreatedOnToolsVersion = 8.3;
						DevelopmentTeam = 7V77HPPE58;
						ProvisioningStyle = Automatic;
						TestTargetID = 553AC7E21E959A4200B2A658;
					};
				};
			};
			buildConfigurationList = 553AC7DE1E959A4200B2A658 /* Build configuration list for PBXProject "Deluge" */;
			compatibilityVersion = "Xcode 3.2";
			developmentRegion = English;
			hasScannedForEncodings = 0;
			knownRegions = (
				en,
				Base,
			);
			mainGroup = 553AC7DA1E959A4200B2A658;
			productRefGroup = 553AC7E41E959A4200B2A658 /* Products */;
			projectDirPath = "";
			projectRoot = "";
			targets = (
				553AC7E21E959A4200B2A658 /* Deluge */,
				553AC7F61E959A4200B2A658 /* DelugeTests */,
			);
		};
/* End PBXProject section */

/* Begin PBXResourcesBuildPhase section */
		553AC7E11E959A4200B2A658 /* Resources */ = {
			isa = PBXResourcesBuildPhase;
			buildActionMask = 2147483647;
			files = (
				553AC7F11E959A4200B2A658 /* LaunchScreen.storyboard in Resources */,
				553AC7EE1E959A4200B2A658 /* Assets.xcassets in Resources */,
				553AC7EC1E959A4200B2A658 /* Main.storyboard in Resources */,
			);
			runOnlyForDeploymentPostprocessing = 0;
		};
		553AC7F51E959A4200B2A658 /* Resources */ = {
			isa = PBXResourcesBuildPhase;
			buildActionMask = 2147483647;
			files = (
			);
			runOnlyForDeploymentPostprocessing = 0;
		};
/* End PBXResourcesBuildPhase section */

/* Begin PBXSourcesBuildPhase section */
		553AC7DF1E959A4200B2A658 /* Sources */ = {
			isa = PBXSourcesBuildPhase;
			buildActionMask = 2147483647;
			files = (
				553AC7E91E959A4200B2A658 /* ViewController.swift in Sources */,
				553AC7E71E959A4200B2A658 /* AppDelegate.swift in Sources */,
			);
			runOnlyForDeploymentPostprocessing = 0;
		};
		553AC7F31E959A4200B2A658 /* Sources */ = {
			isa = PBXSourcesBuildPhase;
			buildActionMask = 2147483647;
			files = (
				553AC7FC1E959A4200B2A658 /* DelugeTests.swift in Sources */,
			);
			runOnlyForDeploymentPostprocessing = 0;
		};
/* End PBXSourcesBuildPhase section */

/* Begin PBXTargetDependency section */
		553AC7F91E959A4200B2A658 /* PBXTargetDependency */ = {
			isa = PBXTargetDependency;
			target = 553AC7E21E959A4200B2A658 /* Deluge */;
			targetProxy = 553AC7F81E959A4200B2A658 /* PBXContainerItemProxy */;
		};
/* End PBXTargetDependency section */

/* Begin PBXVariantGroup section */
		553AC7EA1E959A4200B2A658 /* Main.storyboard */ = {
			isa = PBXVariantGroup;
			children = (
				553AC7EB1E959A4200B2A658 /* Base */,
			);
			name = Main.storyboard;
			sourceTree = "<group>";
		};
		553AC7EF1E959A4200B2A658 /* LaunchScreen.storyboard */ = {
			isa = PBXVariantGroup;
			children = (
				553AC7F01E959A4200B2A658 /* Base */,
			);
			name = LaunchScreen.storyboard;
			sourceTree = "<group>";
		};
/* End PBXVariantGroup section */

/* Begin XCBuildConfiguration section */
		553AC7FE1E959A4200B2A658 /* Debug */ = {
			isa = XCBuildConfiguration;
			buildSettings = {
				ALWAYS_SEARCH_USER_PATHS = NO;
				CLANG_ANALYZER_NONNULL = YES;
				CLANG_ANALYZER_NUMBER_OBJECT_CONVERSION = YES_AGGRESSIVE;
				CLANG_CXX_LANGUAGE_STANDARD = "gnu++0x";
				CLANG_CXX_LIBRARY = "libc++";
				CLANG_ENABLE_MODULES = YES;
				CLANG_ENABLE_OBJC_ARC = YES;
				CLANG_WARN_BOOL_CONVERSION = YES;
				CLANG_WARN_CONSTANT_CONVERSION = YES;
				CLANG_WARN_DIRECT_OBJC_ISA_USAGE = YES_ERROR;
				CLANG_WARN_DOCUMENTATION_COMMENTS = YES;
				CLANG_WARN_EMPTY_BODY = YES;
				CLANG_WARN_ENUM_CONVERSION = YES;
				CLANG_WARN_INFINITE_RECURSION = YES;
				CLANG_WARN_INT_CONVERSION = YES;
				CLANG_WARN_OBJC_ROOT_CLASS = YES_ERROR;
				CLANG_WARN_SUSPICIOUS_MOVE = YES;
				CLANG_WARN_UNREACHABLE_CODE = YES;
				CLANG_WARN__DUPLICATE_METHOD_MATCH = YES;
				"CODE_SIGN_IDENTITY[sdk=iphoneos*]" = "iPhone Developer";
				COPY_PHASE_STRIP = NO;
				DEBUG_INFORMATION_FORMAT = dwarf;
				ENABLE_STRICT_OBJC_MSGSEND = YES;
				ENABLE_TESTABILITY = YES;
				GCC_C_LANGUAGE_STANDARD = gnu99;
				GCC_DYNAMIC_NO_PIC = NO;
				GCC_NO_COMMON_BLOCKS = YES;
				GCC_OPTIMIZATION_LEVEL = 0;
				GCC_PREPROCESSOR_DEFINITIONS = (
					"DEBUG=1",
					"$(inherited)",
				);
				GCC_WARN_64_TO_32_BIT_CONVERSION = YES;
				GCC_WARN_ABOUT_RETURN_TYPE = YES_ERROR;
				GCC_WARN_UNDECLARED_SELECTOR = YES;
				GCC_WARN_UNINITIALIZED_AUTOS = YES_AGGRESSIVE;
				GCC_WARN_UNUSED_FUNCTION = YES;
				GCC_WARN_UNUSED_VARIABLE = YES;
				IPHONEOS_DEPLOYMENT_TARGET = 10.3;
				MTL_ENABLE_DEBUG_INFO = YES;
				ONLY_ACTIVE_ARCH = YES;
				SDKROOT = iphoneos;
				SWIFT_ACTIVE_COMPILATION_CONDITIONS = DEBUG;
				SWIFT_OPTIMIZATION_LEVEL = "-Onone";
				TARGETED_DEVICE_FAMILY = "1,2";
			};
			name = Debug;
		};
		553AC7FF1E959A4200B2A658 /* Release */ = {
			isa = XCBuildConfiguration;
			buildSettings = {
				ALWAYS_SEARCH_USER_PATHS = NO;
				CLANG_ANALYZER_NONNULL = YES;
				CLANG_ANALYZER_NUMBER_OBJECT_CONVERSION = YES_AGGRESSIVE;
				CLANG_CXX_LANGUAGE_STANDARD = "gnu++0x";
				CLANG_CXX_LIBRARY = "libc++";
				CLANG_ENABLE_MODULES = YES;
				CLANG_ENABLE_OBJC_ARC = YES;
				CLANG_WARN_BOOL_CONVERSION = YES;
				CLANG_WARN_CONSTANT_CONVERSION = YES;
				CLANG_WARN_DIRECT_OBJC_ISA_USAGE = YES_ERROR;
				CLANG_WARN_DOCUMENTATION_COMMENTS = YES;
				CLANG_WARN_EMPTY_BODY = YES;
				CLANG_WARN_ENUM_CONVERSION = YES;
				CLANG_WARN_INFINITE_RECURSION = YES;
				CLANG_WARN_INT_CONVERSION = YES;
				CLANG_WARN_OBJC_ROOT_CLASS = YES_ERROR;
				CLANG_WARN_SUSPICIOUS_MOVE = YES;
				CLANG_WARN_UNREACHABLE_CODE = YES;
				CLANG_WARN__DUPLICATE_METHOD_MATCH = YES;
				"CODE_SIGN_IDENTITY[sdk=iphoneos*]" = "iPhone Developer";
				COPY_PHASE_STRIP = NO;
				DEBUG_INFORMATION_FORMAT = "dwarf-with-dsym";
				ENABLE_NS_ASSERTIONS = NO;
				ENABLE_STRICT_OBJC_MSGSEND = YES;
				GCC_C_LANGUAGE_STANDARD = gnu99;
				GCC_NO_COMMON_BLOCKS = YES;
				GCC_WARN_64_TO_32_BIT_CONVERSION = YES;
				GCC_WARN_ABOUT_RETURN_TYPE = YES_ERROR;
				GCC_WARN_UNDECLARED_SELECTOR = YES;
				GCC_WARN_UNINITIALIZED_AUTOS = YES_AGGRESSIVE;
				GCC_WARN_UNUSED_FUNCTION = YES;
				GCC_WARN_UNUSED_VARIABLE = YES;
				IPHONEOS_DEPLOYMENT_TARGET = 10.3;
				MTL_ENABLE_DEBUG_INFO = NO;
				SDKROOT = iphoneos;
				SWIFT_OPTIMIZATION_LEVEL = "-Owholemodule";
				TARGETED_DEVICE_FAMILY = "1,2";
				VALIDATE_PRODUCT = YES;
			};
			name = Release;
		};
		553AC8011E959A4200B2A658 /* Debug */ = {
			isa = XCBuildConfiguration;
			buildSettings = {
				ASSETCATALOG_COMPILER_APPICON_NAME = AppIcon;
				DEVELOPMENT_TEAM = 7V77HPPE58;
				INFOPLIST_FILE = Deluge/Info.plist;
				LD_RUNPATH_SEARCH_PATHS = "$(inherited) @executable_path/Frameworks";
				PRODUCT_BUNDLE_IDENTIFIER = com.bana.Deluge;
				PRODUCT_NAME = "$(TARGET_NAME)";
				SWIFT_VERSION = 3.0;
			};
			name = Debug;
		};
		553AC8021E959A4200B2A658 /* Release */ = {
			isa = XCBuildConfiguration;
			buildSettings = {
				ASSETCATALOG_COMPILER_APPICON_NAME = AppIcon;
				DEVELOPMENT_TEAM = 7V77HPPE58;
				INFOPLIST_FILE = Deluge/Info.plist;
				LD_RUNPATH_SEARCH_PATHS = "$(inherited) @executable_path/Frameworks";
				PRODUCT_BUNDLE_IDENTIFIER = com.bana.Deluge;
				PRODUCT_NAME = "$(TARGET_NAME)";
				SWIFT_VERSION = 3.0;
			};
			name = Release;
		};
		553AC8041E959A4200B2A658 /* Debug */ = {
			isa = XCBuildConfiguration;
			buildSettings = {
				ALWAYS_EMBED_SWIFT_STANDARD_LIBRARIES = YES;
				BUNDLE_LOADER = "$(TEST_HOST)";
				DEVELOPMENT_TEAM = 7V77HPPE58;
				INFOPLIST_FILE = DelugeTests/Info.plist;
				LD_RUNPATH_SEARCH_PATHS = "$(inherited) @executable_path/Frameworks @loader_path/Frameworks";
				PRODUCT_BUNDLE_IDENTIFIER = com.bana.DelugeTests;
				PRODUCT_NAME = "$(TARGET_NAME)";
				SWIFT_VERSION = 3.0;
				TEST_HOST = "$(BUILT_PRODUCTS_DIR)/Deluge.app/Deluge";
			};
			name = Debug;
		};
		553AC8051E959A4200B2A658 /* Release */ = {
			isa = XCBuildConfiguration;
			buildSettings = {
				ALWAYS_EMBED_SWIFT_STANDARD_LIBRARIES = YES;
				BUNDLE_LOADER = "$(TEST_HOST)";
				DEVELOPMENT_TEAM = 7V77HPPE58;
				INFOPLIST_FILE = DelugeTests/Info.plist;
				LD_RUNPATH_SEARCH_PATHS = "$(inherited) @executable_path/Frameworks @loader_path/Frameworks";
				PRODUCT_BUNDLE_IDENTIFIER = com.bana.DelugeTests;
				PRODUCT_NAME = "$(TARGET_NAME)";
				SWIFT_VERSION = 3.0;
				TEST_HOST = "$(BUILT_PRODUCTS_DIR)/Deluge.app/Deluge";
			};
			name = Release;
		};
/* End XCBuildConfiguration section */

/* Begin XCConfigurationList section */
		553AC7DE1E959A4200B2A658 /* Build configuration list for PBXProject "Deluge" */ = {
			isa = XCConfigurationList;
			buildConfigurations = (
				553AC7FE1E959A4200B2A658 /* Debug */,
				553AC7FF1E959A4200B2A658 /* Release */,
			);
			defaultConfigurationIsVisible = 0;
			defaultConfigurationName = Release;
		};
		553AC8001E959A4200B2A658 /* Build configuration list for PBXNativeTarget "Deluge" */ = {
			isa = XCConfigurationList;
			buildConfigurations = (
				553AC8011E959A4200B2A658 /* Debug */,
				553AC8021E959A4200B2A658 /* Release */,
			);
			defaultConfigurationIsVisible = 0;
		};
		553AC8031E959A4200B2A658 /* Build configuration list for PBXNativeTarget "DelugeTests" */ = {
			isa = XCConfigurationList;
			buildConfigurations = (
				553AC8041E959A4200B2A658 /* Debug */,
				553AC8051E959A4200B2A658 /* Release */,
			);
			defaultConfigurationIsVisible = 0;
		};
/* End XCConfigurationList section */
	};
	rootObject = 553AC7DB1E959A4200B2A658 /* Project object */;
}
