// !$*UTF8*$!
{
	archiveVersion = 1;
	classes = {
	};
	objectVersion = 46;
	objects = {

/* Begin PBXBuildFile section */
		0E4EC9AA30195AB93E3353E1 /* Pods_DelugeTests.framework in Frameworks */ = {isa = PBXBuildFile; fileRef = 57DA1EE898054D326B717447 /* Pods_DelugeTests.framework */; };
		550514D51E99644100A71543 /* ErrorTableViewCell.swift in Sources */ = {isa = PBXBuildFile; fileRef = 550514D41E99644100A71543 /* ErrorTableViewCell.swift */; };
		550514D71E99648600A71543 /* ErrorCellViewModel.swift in Sources */ = {isa = PBXBuildFile; fileRef = 550514D61E99648600A71543 /* ErrorCellViewModel.swift */; };
		550514D91E997E5F00A71543 /* CompletedTableViewCell.swift in Sources */ = {isa = PBXBuildFile; fileRef = 550514D81E997E5F00A71543 /* CompletedTableViewCell.swift */; };
		550514DB1E997E7800A71543 /* CompletedCellViewModel.swift in Sources */ = {isa = PBXBuildFile; fileRef = 550514DA1E997E7800A71543 /* CompletedCellViewModel.swift */; };
		553AC7E71E959A4200B2A658 /* AppDelegate.swift in Sources */ = {isa = PBXBuildFile; fileRef = 553AC7E61E959A4200B2A658 /* AppDelegate.swift */; };
		553AC7EC1E959A4200B2A658 /* Main.storyboard in Resources */ = {isa = PBXBuildFile; fileRef = 553AC7EA1E959A4200B2A658 /* Main.storyboard */; };
		553AC7EE1E959A4200B2A658 /* Assets.xcassets in Resources */ = {isa = PBXBuildFile; fileRef = 553AC7ED1E959A4200B2A658 /* Assets.xcassets */; };
		553AC7F11E959A4200B2A658 /* LaunchScreen.storyboard in Resources */ = {isa = PBXBuildFile; fileRef = 553AC7EF1E959A4200B2A658 /* LaunchScreen.storyboard */; };
		553AC7FC1E959A4200B2A658 /* DelugeTests.swift in Sources */ = {isa = PBXBuildFile; fileRef = 553AC7FB1E959A4200B2A658 /* DelugeTests.swift */; };
		556640581E9A4E3B002819B9 /* Double+Extension.swift in Sources */ = {isa = PBXBuildFile; fileRef = 556640571E9A4E3B002819B9 /* Double+Extension.swift */; };
		5566405A1E9A4E71002819B9 /* Unit+Extension.swift in Sources */ = {isa = PBXBuildFile; fileRef = 556640591E9A4E71002819B9 /* Unit+Extension.swift */; };
		556B847B1E959AB000C37034 /* Podfile in Resources */ = {isa = PBXBuildFile; fileRef = 556B847A1E959AB000C37034 /* Podfile */; };
		55885C041E99148E005A4D3D /* DownloadingTableViewCell.swift in Sources */ = {isa = PBXBuildFile; fileRef = 55885C031E99148E005A4D3D /* DownloadingTableViewCell.swift */; };
		55885C061E99159F005A4D3D /* DownloadingCellViewModel.swift in Sources */ = {isa = PBXBuildFile; fileRef = 55885C051E99159F005A4D3D /* DownloadingCellViewModel.swift */; };
		55885C081E9917FB005A4D3D /* PausedTableViewCell.swift in Sources */ = {isa = PBXBuildFile; fileRef = 55885C071E9917FB005A4D3D /* PausedTableViewCell.swift */; };
		55885C0A1E99184E005A4D3D /* PausedCellViewModel.swift in Sources */ = {isa = PBXBuildFile; fileRef = 55885C091E99184E005A4D3D /* PausedCellViewModel.swift */; };
		5598A4521E9CCEDC002D75B3 /* Torrent+Extensions.swift in Sources */ = {isa = PBXBuildFile; fileRef = 5598A4511E9CCEDC002D75B3 /* Torrent+Extensions.swift */; };
		55BFA57C1E9A506A00963B2C /* TorrentViewController.swift in Sources */ = {isa = PBXBuildFile; fileRef = 55BFA57B1E9A506A00963B2C /* TorrentViewController.swift */; };
		55BFA57E1E9A509A00963B2C /* TorrentViewModel.swift in Sources */ = {isa = PBXBuildFile; fileRef = 55BFA57D1E9A509A00963B2C /* TorrentViewModel.swift */; };
		55D5EB621E9610A300F93DE1 /* MainViewController.swift in Sources */ = {isa = PBXBuildFile; fileRef = 55D5EB611E9610A300F93DE1 /* MainViewController.swift */; };
		55D5EB641E9610DD00F93DE1 /* Gemfile in Resources */ = {isa = PBXBuildFile; fileRef = 55D5EB631E9610DD00F93DE1 /* Gemfile */; };
		55D5EB6B1E96166600F93DE1 /* MainViewModel.swift in Sources */ = {isa = PBXBuildFile; fileRef = 55D5EB6A1E96166600F93DE1 /* MainViewModel.swift */; };
		55D5EB6E1E96173E00F93DE1 /* DelugionService.swift in Sources */ = {isa = PBXBuildFile; fileRef = 55D5EB6D1E96173E00F93DE1 /* DelugionService.swift */; };
		56E4C2BA1141C9490BEC616D /* Pods_Deluge.framework in Frameworks */ = {isa = PBXBuildFile; fileRef = 59BA745C115A6561D2EC1A5D /* Pods_Deluge.framework */; };
/* End PBXBuildFile section */

/* Begin PBXContainerItemProxy section */
		553AC7F81E959A4200B2A658 /* PBXContainerItemProxy */ = {
			isa = PBXContainerItemProxy;
			containerPortal = 553AC7DB1E959A4200B2A658 /* Project object */;
			proxyType = 1;
			remoteGlobalIDString = 553AC7E21E959A4200B2A658;
			remoteInfo = Deluge;
		};
/* End PBXContainerItemProxy section */

/* Begin PBXFileReference section */
		550514D41E99644100A71543 /* ErrorTableViewCell.swift */ = {isa = PBXFileReference; fileEncoding = 4; lastKnownFileType = sourcecode.swift; path = ErrorTableViewCell.swift; sourceTree = "<group>"; };
		550514D61E99648600A71543 /* ErrorCellViewModel.swift */ = {isa = PBXFileReference; fileEncoding = 4; lastKnownFileType = sourcecode.swift; path = ErrorCellViewModel.swift; sourceTree = "<group>"; };
		550514D81E997E5F00A71543 /* CompletedTableViewCell.swift */ = {isa = PBXFileReference; fileEncoding = 4; lastKnownFileType = sourcecode.swift; path = CompletedTableViewCell.swift; sourceTree = "<group>"; };
		550514DA1E997E7800A71543 /* CompletedCellViewModel.swift */ = {isa = PBXFileReference; fileEncoding = 4; lastKnownFileType = sourcecode.swift; path = CompletedCellViewModel.swift; sourceTree = "<group>"; };
		553AC7E31E959A4200B2A658 /* Deluge.app */ = {isa = PBXFileReference; explicitFileType = wrapper.application; includeInIndex = 0; path = Deluge.app; sourceTree = BUILT_PRODUCTS_DIR; };
		553AC7E61E959A4200B2A658 /* AppDelegate.swift */ = {isa = PBXFileReference; lastKnownFileType = sourcecode.swift; path = AppDelegate.swift; sourceTree = "<group>"; };
		553AC7EB1E959A4200B2A658 /* Base */ = {isa = PBXFileReference; lastKnownFileType = file.storyboard; name = Base; path = Base.lproj/Main.storyboard; sourceTree = "<group>"; };
		553AC7ED1E959A4200B2A658 /* Assets.xcassets */ = {isa = PBXFileReference; lastKnownFileType = folder.assetcatalog; path = Assets.xcassets; sourceTree = "<group>"; };
		553AC7F01E959A4200B2A658 /* Base */ = {isa = PBXFileReference; lastKnownFileType = file.storyboard; name = Base; path = Base.lproj/LaunchScreen.storyboard; sourceTree = "<group>"; };
		553AC7F21E959A4200B2A658 /* Info.plist */ = {isa = PBXFileReference; lastKnownFileType = text.plist.xml; path = Info.plist; sourceTree = "<group>"; };
		553AC7F71E959A4200B2A658 /* DelugeTests.xctest */ = {isa = PBXFileReference; explicitFileType = wrapper.cfbundle; includeInIndex = 0; path = DelugeTests.xctest; sourceTree = BUILT_PRODUCTS_DIR; };
		553AC7FB1E959A4200B2A658 /* DelugeTests.swift */ = {isa = PBXFileReference; lastKnownFileType = sourcecode.swift; path = DelugeTests.swift; sourceTree = "<group>"; };
		553AC7FD1E959A4200B2A658 /* Info.plist */ = {isa = PBXFileReference; lastKnownFileType = text.plist.xml; path = Info.plist; sourceTree = "<group>"; };
		556640571E9A4E3B002819B9 /* Double+Extension.swift */ = {isa = PBXFileReference; fileEncoding = 4; lastKnownFileType = sourcecode.swift; path = "Double+Extension.swift"; sourceTree = "<group>"; };
		556640591E9A4E71002819B9 /* Unit+Extension.swift */ = {isa = PBXFileReference; fileEncoding = 4; lastKnownFileType = sourcecode.swift; path = "Unit+Extension.swift"; sourceTree = "<group>"; };
		556B847A1E959AB000C37034 /* Podfile */ = {isa = PBXFileReference; fileEncoding = 4; lastKnownFileType = text; path = Podfile; sourceTree = "<group>"; xcLanguageSpecificationIdentifier = xcode.lang.ruby; };
		55885C031E99148E005A4D3D /* DownloadingTableViewCell.swift */ = {isa = PBXFileReference; fileEncoding = 4; lastKnownFileType = sourcecode.swift; path = DownloadingTableViewCell.swift; sourceTree = "<group>"; };
		55885C051E99159F005A4D3D /* DownloadingCellViewModel.swift */ = {isa = PBXFileReference; fileEncoding = 4; lastKnownFileType = sourcecode.swift; path = DownloadingCellViewModel.swift; sourceTree = "<group>"; };
		55885C071E9917FB005A4D3D /* PausedTableViewCell.swift */ = {isa = PBXFileReference; fileEncoding = 4; lastKnownFileType = sourcecode.swift; path = PausedTableViewCell.swift; sourceTree = "<group>"; };
		55885C091E99184E005A4D3D /* PausedCellViewModel.swift */ = {isa = PBXFileReference; fileEncoding = 4; lastKnownFileType = sourcecode.swift; path = PausedCellViewModel.swift; sourceTree = "<group>"; };
		5598A4511E9CCEDC002D75B3 /* Torrent+Extensions.swift */ = {isa = PBXFileReference; fileEncoding = 4; lastKnownFileType = sourcecode.swift; path = "Torrent+Extensions.swift"; sourceTree = "<group>"; };
		55BFA57B1E9A506A00963B2C /* TorrentViewController.swift */ = {isa = PBXFileReference; fileEncoding = 4; lastKnownFileType = sourcecode.swift; path = TorrentViewController.swift; sourceTree = "<group>"; };
		55BFA57D1E9A509A00963B2C /* TorrentViewModel.swift */ = {isa = PBXFileReference; fileEncoding = 4; lastKnownFileType = sourcecode.swift; path = TorrentViewModel.swift; sourceTree = "<group>"; };
		55D5EB611E9610A300F93DE1 /* MainViewController.swift */ = {isa = PBXFileReference; fileEncoding = 4; lastKnownFileType = sourcecode.swift; path = MainViewController.swift; sourceTree = "<group>"; };
		55D5EB631E9610DD00F93DE1 /* Gemfile */ = {isa = PBXFileReference; fileEncoding = 4; lastKnownFileType = text; path = Gemfile; sourceTree = "<group>"; };
		55D5EB6A1E96166600F93DE1 /* MainViewModel.swift */ = {isa = PBXFileReference; fileEncoding = 4; lastKnownFileType = sourcecode.swift; path = MainViewModel.swift; sourceTree = "<group>"; };
		55D5EB6D1E96173E00F93DE1 /* DelugionService.swift */ = {isa = PBXFileReference; fileEncoding = 4; lastKnownFileType = sourcecode.swift; path = DelugionService.swift; sourceTree = "<group>"; };
		57DA1EE898054D326B717447 /* Pods_DelugeTests.framework */ = {isa = PBXFileReference; explicitFileType = wrapper.framework; includeInIndex = 0; path = Pods_DelugeTests.framework; sourceTree = BUILT_PRODUCTS_DIR; };
		59BA745C115A6561D2EC1A5D /* Pods_Deluge.framework */ = {isa = PBXFileReference; explicitFileType = wrapper.framework; includeInIndex = 0; path = Pods_Deluge.framework; sourceTree = BUILT_PRODUCTS_DIR; };
		9889DDDB0323270F9742AE6F /* Pods-DelugeTests.release.xcconfig */ = {isa = PBXFileReference; includeInIndex = 1; lastKnownFileType = text.xcconfig; name = "Pods-DelugeTests.release.xcconfig"; path = "Pods/Target Support Files/Pods-DelugeTests/Pods-DelugeTests.release.xcconfig"; sourceTree = "<group>"; };
		BAA9F2ECAC63A2F61C8B8EBB /* Pods-DelugeTests.debug.xcconfig */ = {isa = PBXFileReference; includeInIndex = 1; lastKnownFileType = text.xcconfig; name = "Pods-DelugeTests.debug.xcconfig"; path = "Pods/Target Support Files/Pods-DelugeTests/Pods-DelugeTests.debug.xcconfig"; sourceTree = "<group>"; };
		D978AC660750F137BFF2E275 /* Pods-Deluge.release.xcconfig */ = {isa = PBXFileReference; includeInIndex = 1; lastKnownFileType = text.xcconfig; name = "Pods-Deluge.release.xcconfig"; path = "Pods/Target Support Files/Pods-Deluge/Pods-Deluge.release.xcconfig"; sourceTree = "<group>"; };
		E7263B7AAF78990851B838C2 /* Pods-Deluge.debug.xcconfig */ = {isa = PBXFileReference; includeInIndex = 1; lastKnownFileType = text.xcconfig; name = "Pods-Deluge.debug.xcconfig"; path = "Pods/Target Support Files/Pods-Deluge/Pods-Deluge.debug.xcconfig"; sourceTree = "<group>"; };
/* End PBXFileReference section */

/* Begin PBXFrameworksBuildPhase section */
		553AC7E01E959A4200B2A658 /* Frameworks */ = {
			isa = PBXFrameworksBuildPhase;
			buildActionMask = 2147483647;
			files = (
				56E4C2BA1141C9490BEC616D /* Pods_Deluge.framework in Frameworks */,
			);
			runOnlyForDeploymentPostprocessing = 0;
		};
		553AC7F41E959A4200B2A658 /* Frameworks */ = {
			isa = PBXFrameworksBuildPhase;
			buildActionMask = 2147483647;
			files = (
				0E4EC9AA30195AB93E3353E1 /* Pods_DelugeTests.framework in Frameworks */,
			);
			runOnlyForDeploymentPostprocessing = 0;
		};
/* End PBXFrameworksBuildPhase section */

/* Begin PBXGroup section */
		553AC7DA1E959A4200B2A658 = {
			isa = PBXGroup;
			children = (
				553AC7E51E959A4200B2A658 /* Deluge */,
				553AC7FA1E959A4200B2A658 /* DelugeTests */,
				95A7BA7E275FADB335BCC937 /* Frameworks */,
				D222C19DBFA6106F5F0D68B4 /* Pods */,
				553AC7E41E959A4200B2A658 /* Products */,
				55D5EB631E9610DD00F93DE1 /* Gemfile */,
				556B847A1E959AB000C37034 /* Podfile */,
			);
			sourceTree = "<group>";
		};
		553AC7E41E959A4200B2A658 /* Products */ = {
			isa = PBXGroup;
			children = (
				553AC7E31E959A4200B2A658 /* Deluge.app */,
				553AC7F71E959A4200B2A658 /* DelugeTests.xctest */,
			);
			name = Products;
			sourceTree = "<group>";
		};
		553AC7E51E959A4200B2A658 /* Deluge */ = {
			isa = PBXGroup;
			children = (
				556640561E9A4E21002819B9 /* Extensions */,
				55D5EB671E96113C00F93DE1 /* Resources */,
				55D5EB6C1E96172400F93DE1 /* Services */,
				55D5EB661E96113500F93DE1 /* Storyboards */,
				55D5EB651E96112900F93DE1 /* Supporting Files */,
				55D5EB681E96114300F93DE1 /* View */,
				55D5EB691E96163200F93DE1 /* ViewModel */,
			);
			path = Deluge;
			sourceTree = "<group>";
		};
		553AC7FA1E959A4200B2A658 /* DelugeTests */ = {
			isa = PBXGroup;
			children = (
				553AC7FB1E959A4200B2A658 /* DelugeTests.swift */,
				553AC7FD1E959A4200B2A658 /* Info.plist */,
			);
			path = DelugeTests;
			sourceTree = "<group>";
		};
		556640561E9A4E21002819B9 /* Extensions */ = {
			isa = PBXGroup;
			children = (
				556640571E9A4E3B002819B9 /* Double+Extension.swift */,
				556640591E9A4E71002819B9 /* Unit+Extension.swift */,
				5598A4511E9CCEDC002D75B3 /* Torrent+Extensions.swift */,
			);
			path = Extensions;
			sourceTree = "<group>";
		};
		55D5EB651E96112900F93DE1 /* Supporting Files */ = {
			isa = PBXGroup;
			children = (
				553AC7E61E959A4200B2A658 /* AppDelegate.swift */,
				553AC7F21E959A4200B2A658 /* Info.plist */,
			);
			path = "Supporting Files";
			sourceTree = "<group>";
		};
		55D5EB661E96113500F93DE1 /* Storyboards */ = {
			isa = PBXGroup;
			children = (
				553AC7EF1E959A4200B2A658 /* LaunchScreen.storyboard */,
				553AC7EA1E959A4200B2A658 /* Main.storyboard */,
			);
			path = Storyboards;
			sourceTree = "<group>";
		};
		55D5EB671E96113C00F93DE1 /* Resources */ = {
			isa = PBXGroup;
			children = (
				553AC7ED1E959A4200B2A658 /* Assets.xcassets */,
			);
			path = Resources;
			sourceTree = "<group>";
		};
		55D5EB681E96114300F93DE1 /* View */ = {
			isa = PBXGroup;
			children = (
				550514D81E997E5F00A71543 /* CompletedTableViewCell.swift */,
				55885C031E99148E005A4D3D /* DownloadingTableViewCell.swift */,
				550514D41E99644100A71543 /* ErrorTableViewCell.swift */,
				55D5EB611E9610A300F93DE1 /* MainViewController.swift */,
				55885C071E9917FB005A4D3D /* PausedTableViewCell.swift */,
				55BFA57B1E9A506A00963B2C /* TorrentViewController.swift */,
			);
			path = View;
			sourceTree = "<group>";
		};
		55D5EB691E96163200F93DE1 /* ViewModel */ = {
			isa = PBXGroup;
			children = (
				550514DA1E997E7800A71543 /* CompletedCellViewModel.swift */,
				55885C051E99159F005A4D3D /* DownloadingCellViewModel.swift */,
				550514D61E99648600A71543 /* ErrorCellViewModel.swift */,
				55D5EB6A1E96166600F93DE1 /* MainViewModel.swift */,
				55885C091E99184E005A4D3D /* PausedCellViewModel.swift */,
				55BFA57D1E9A509A00963B2C /* TorrentViewModel.swift */,
			);
			path = ViewModel;
			sourceTree = "<group>";
		};
		55D5EB6C1E96172400F93DE1 /* Services */ = {
			isa = PBXGroup;
			children = (
				55D5EB6D1E96173E00F93DE1 /* DelugionService.swift */,
			);
			path = Services;
			sourceTree = "<group>";
		};
		95A7BA7E275FADB335BCC937 /* Frameworks */ = {
			isa = PBXGroup;
			children = (
				59BA745C115A6561D2EC1A5D /* Pods_Deluge.framework */,
				57DA1EE898054D326B717447 /* Pods_DelugeTests.framework */,
			);
			name = Frameworks;
			sourceTree = "<group>";
		};
		D222C19DBFA6106F5F0D68B4 /* Pods */ = {
			isa = PBXGroup;
			children = (
				E7263B7AAF78990851B838C2 /* Pods-Deluge.debug.xcconfig */,
				D978AC660750F137BFF2E275 /* Pods-Deluge.release.xcconfig */,
				BAA9F2ECAC63A2F61C8B8EBB /* Pods-DelugeTests.debug.xcconfig */,
				9889DDDB0323270F9742AE6F /* Pods-DelugeTests.release.xcconfig */,
			);
			name = Pods;
			sourceTree = "<group>";
		};
/* End PBXGroup section */

/* Begin PBXNativeTarget section */
		553AC7E21E959A4200B2A658 /* Deluge */ = {
			isa = PBXNativeTarget;
			buildConfigurationList = 553AC8001E959A4200B2A658 /* Build configuration list for PBXNativeTarget "Deluge" */;
			buildPhases = (
				5A11EAD63AF72087FCB6F558 /* [CP] Check Pods Manifest.lock */,
				553AC7DF1E959A4200B2A658 /* Sources */,
				553AC7E01E959A4200B2A658 /* Frameworks */,
				553AC7E11E959A4200B2A658 /* Resources */,
				2EE7DF68A84A6DBB51BB5DC1 /* [CP] Embed Pods Frameworks */,
				567872F89E7DFD8A3EB6D1CB /* [CP] Copy Pods Resources */,
			);
			buildRules = (
			);
			dependencies = (
			);
			name = Deluge;
			productName = Deluge;
			productReference = 553AC7E31E959A4200B2A658 /* Deluge.app */;
			productType = "com.apple.product-type.application";
		};
		553AC7F61E959A4200B2A658 /* DelugeTests */ = {
			isa = PBXNativeTarget;
			buildConfigurationList = 553AC8031E959A4200B2A658 /* Build configuration list for PBXNativeTarget "DelugeTests" */;
			buildPhases = (
				589EB0023F2BF9A2255110A2 /* [CP] Check Pods Manifest.lock */,
				553AC7F31E959A4200B2A658 /* Sources */,
				553AC7F41E959A4200B2A658 /* Frameworks */,
				553AC7F51E959A4200B2A658 /* Resources */,
				0611B8A63EDB5F7011287D61 /* [CP] Embed Pods Frameworks */,
				EE7D9630D5A1365F18FFA4F7 /* [CP] Copy Pods Resources */,
			);
			buildRules = (
			);
			dependencies = (
				553AC7F91E959A4200B2A658 /* PBXTargetDependency */,
			);
			name = DelugeTests;
			productName = DelugeTests;
			productReference = 553AC7F71E959A4200B2A658 /* DelugeTests.xctest */;
			productType = "com.apple.product-type.bundle.unit-test";
		};
/* End PBXNativeTarget section */

/* Begin PBXProject section */
		553AC7DB1E959A4200B2A658 /* Project object */ = {
			isa = PBXProject;
			attributes = {
				LastSwiftUpdateCheck = 0830;
				LastUpgradeCheck = 0830;
				ORGANIZATIONNAME = "Yotam Ohayon";
				TargetAttributes = {
					553AC7E21E959A4200B2A658 = {
						CreatedOnToolsVersion = 8.3;
						DevelopmentTeam = 7V77HPPE58;
						ProvisioningStyle = Automatic;
					};
					553AC7F61E959A4200B2A658 = {
						CreatedOnToolsVersion = 8.3;
						DevelopmentTeam = 7V77HPPE58;
						ProvisioningStyle = Automatic;
						TestTargetID = 553AC7E21E959A4200B2A658;
					};
				};
			};
			buildConfigurationList = 553AC7DE1E959A4200B2A658 /* Build configuration list for PBXProject "Deluge" */;
			compatibilityVersion = "Xcode 3.2";
			developmentRegion = English;
			hasScannedForEncodings = 0;
			knownRegions = (
				en,
				Base,
			);
			mainGroup = 553AC7DA1E959A4200B2A658;
			productRefGroup = 553AC7E41E959A4200B2A658 /* Products */;
			projectDirPath = "";
			projectRoot = "";
			targets = (
				553AC7E21E959A4200B2A658 /* Deluge */,
				553AC7F61E959A4200B2A658 /* DelugeTests */,
			);
		};
/* End PBXProject section */

/* Begin PBXResourcesBuildPhase section */
		553AC7E11E959A4200B2A658 /* Resources */ = {
			isa = PBXResourcesBuildPhase;
			buildActionMask = 2147483647;
			files = (
				553AC7F11E959A4200B2A658 /* LaunchScreen.storyboard in Resources */,
				553AC7EE1E959A4200B2A658 /* Assets.xcassets in Resources */,
				55D5EB641E9610DD00F93DE1 /* Gemfile in Resources */,
				556B847B1E959AB000C37034 /* Podfile in Resources */,
				553AC7EC1E959A4200B2A658 /* Main.storyboard in Resources */,
			);
			runOnlyForDeploymentPostprocessing = 0;
		};
		553AC7F51E959A4200B2A658 /* Resources */ = {
			isa = PBXResourcesBuildPhase;
			buildActionMask = 2147483647;
			files = (
			);
			runOnlyForDeploymentPostprocessing = 0;
		};
/* End PBXResourcesBuildPhase section */

/* Begin PBXShellScriptBuildPhase section */
		0611B8A63EDB5F7011287D61 /* [CP] Embed Pods Frameworks */ = {
			isa = PBXShellScriptBuildPhase;
			buildActionMask = 2147483647;
			files = (
			);
			inputPaths = (
			);
			name = "[CP] Embed Pods Frameworks";
			outputPaths = (
			);
			runOnlyForDeploymentPostprocessing = 0;
			shellPath = /bin/sh;
			shellScript = "\"${SRCROOT}/Pods/Target Support Files/Pods-DelugeTests/Pods-DelugeTests-frameworks.sh\"\n";
			showEnvVarsInLog = 0;
		};
		2EE7DF68A84A6DBB51BB5DC1 /* [CP] Embed Pods Frameworks */ = {
			isa = PBXShellScriptBuildPhase;
			buildActionMask = 2147483647;
			files = (
			);
			inputPaths = (
			);
			name = "[CP] Embed Pods Frameworks";
			outputPaths = (
			);
			runOnlyForDeploymentPostprocessing = 0;
			shellPath = /bin/sh;
			shellScript = "\"${SRCROOT}/Pods/Target Support Files/Pods-Deluge/Pods-Deluge-frameworks.sh\"\n";
			showEnvVarsInLog = 0;
		};
		567872F89E7DFD8A3EB6D1CB /* [CP] Copy Pods Resources */ = {
			isa = PBXShellScriptBuildPhase;
			buildActionMask = 2147483647;
			files = (
			);
			inputPaths = (
			);
			name = "[CP] Copy Pods Resources";
			outputPaths = (
			);
			runOnlyForDeploymentPostprocessing = 0;
			shellPath = /bin/sh;
			shellScript = "\"${SRCROOT}/Pods/Target Support Files/Pods-Deluge/Pods-Deluge-resources.sh\"\n";
			showEnvVarsInLog = 0;
		};
		589EB0023F2BF9A2255110A2 /* [CP] Check Pods Manifest.lock */ = {
			isa = PBXShellScriptBuildPhase;
			buildActionMask = 2147483647;
			files = (
			);
			inputPaths = (
			);
			name = "[CP] Check Pods Manifest.lock";
			outputPaths = (
			);
			runOnlyForDeploymentPostprocessing = 0;
			shellPath = /bin/sh;
			shellScript = "diff \"${PODS_ROOT}/../Podfile.lock\" \"${PODS_ROOT}/Manifest.lock\" > /dev/null\nif [ $? != 0 ] ; then\n    # print error to STDERR\n    echo \"error: The sandbox is not in sync with the Podfile.lock. Run 'pod install' or update your CocoaPods installation.\" >&2\n    exit 1\nfi\n";
			showEnvVarsInLog = 0;
		};
		5A11EAD63AF72087FCB6F558 /* [CP] Check Pods Manifest.lock */ = {
			isa = PBXShellScriptBuildPhase;
			buildActionMask = 2147483647;
			files = (
			);
			inputPaths = (
			);
			name = "[CP] Check Pods Manifest.lock";
			outputPaths = (
			);
			runOnlyForDeploymentPostprocessing = 0;
			shellPath = /bin/sh;
			shellScript = "diff \"${PODS_ROOT}/../Podfile.lock\" \"${PODS_ROOT}/Manifest.lock\" > /dev/null\nif [ $? != 0 ] ; then\n    # print error to STDERR\n    echo \"error: The sandbox is not in sync with the Podfile.lock. Run 'pod install' or update your CocoaPods installation.\" >&2\n    exit 1\nfi\n";
			showEnvVarsInLog = 0;
		};
		EE7D9630D5A1365F18FFA4F7 /* [CP] Copy Pods Resources */ = {
			isa = PBXShellScriptBuildPhase;
			buildActionMask = 2147483647;
			files = (
			);
			inputPaths = (
			);
			name = "[CP] Copy Pods Resources";
			outputPaths = (
			);
			runOnlyForDeploymentPostprocessing = 0;
			shellPath = /bin/sh;
			shellScript = "\"${SRCROOT}/Pods/Target Support Files/Pods-DelugeTests/Pods-DelugeTests-resources.sh\"\n";
			showEnvVarsInLog = 0;
		};
/* End PBXShellScriptBuildPhase section */

/* Begin PBXSourcesBuildPhase section */
		553AC7DF1E959A4200B2A658 /* Sources */ = {
			isa = PBXSourcesBuildPhase;
			buildActionMask = 2147483647;
			files = (
				5598A4521E9CCEDC002D75B3 /* Torrent+Extensions.swift in Sources */,
				550514DB1E997E7800A71543 /* CompletedCellViewModel.swift in Sources */,
				55BFA57C1E9A506A00963B2C /* TorrentViewController.swift in Sources */,
				55D5EB6E1E96173E00F93DE1 /* DelugionService.swift in Sources */,
				556640581E9A4E3B002819B9 /* Double+Extension.swift in Sources */,
				553AC7E71E959A4200B2A658 /* AppDelegate.swift in Sources */,
				550514D91E997E5F00A71543 /* CompletedTableViewCell.swift in Sources */,
				550514D51E99644100A71543 /* ErrorTableViewCell.swift in Sources */,
				55885C081E9917FB005A4D3D /* PausedTableViewCell.swift in Sources */,
				55885C0A1E99184E005A4D3D /* PausedCellViewModel.swift in Sources */,
				55885C041E99148E005A4D3D /* DownloadingTableViewCell.swift in Sources */,
				5566405A1E9A4E71002819B9 /* Unit+Extension.swift in Sources */,
				55BFA57E1E9A509A00963B2C /* TorrentViewModel.swift in Sources */,
				55885C061E99159F005A4D3D /* DownloadingCellViewModel.swift in Sources */,
				55D5EB621E9610A300F93DE1 /* MainViewController.swift in Sources */,
				55D5EB6B1E96166600F93DE1 /* MainViewModel.swift in Sources */,
				550514D71E99648600A71543 /* ErrorCellViewModel.swift in Sources */,
			);
			runOnlyForDeploymentPostprocessing = 0;
		};
		553AC7F31E959A4200B2A658 /* Sources */ = {
			isa = PBXSourcesBuildPhase;
			buildActionMask = 2147483647;
			files = (
				553AC7FC1E959A4200B2A658 /* DelugeTests.swift in Sources */,
			);
			runOnlyForDeploymentPostprocessing = 0;
		};
/* End PBXSourcesBuildPhase section */

/* Begin PBXTargetDependency section */
		553AC7F91E959A4200B2A658 /* PBXTargetDependency */ = {
			isa = PBXTargetDependency;
			target = 553AC7E21E959A4200B2A658 /* Deluge */;
			targetProxy = 553AC7F81E959A4200B2A658 /* PBXContainerItemProxy */;
		};
/* End PBXTargetDependency section */

/* Begin PBXVariantGroup section */
		553AC7EA1E959A4200B2A658 /* Main.storyboard */ = {
			isa = PBXVariantGroup;
			children = (
				553AC7EB1E959A4200B2A658 /* Base */,
			);
			name = Main.storyboard;
			path = .;
			sourceTree = "<group>";
		};
		553AC7EF1E959A4200B2A658 /* LaunchScreen.storyboard */ = {
			isa = PBXVariantGroup;
			children = (
				553AC7F01E959A4200B2A658 /* Base */,
			);
			name = LaunchScreen.storyboard;
			path = .;
			sourceTree = "<group>";
		};
/* End PBXVariantGroup section */

/* Begin XCBuildConfiguration section */
		553AC7FE1E959A4200B2A658 /* Debug */ = {
			isa = XCBuildConfiguration;
			buildSettings = {
				ALWAYS_SEARCH_USER_PATHS = NO;
				CLANG_ANALYZER_NONNULL = YES;
				CLANG_ANALYZER_NUMBER_OBJECT_CONVERSION = YES_AGGRESSIVE;
				CLANG_CXX_LANGUAGE_STANDARD = "gnu++0x";
				CLANG_CXX_LIBRARY = "libc++";
				CLANG_ENABLE_MODULES = YES;
				CLANG_ENABLE_OBJC_ARC = YES;
				CLANG_WARN_BOOL_CONVERSION = YES;
				CLANG_WARN_CONSTANT_CONVERSION = YES;
				CLANG_WARN_DIRECT_OBJC_ISA_USAGE = YES_ERROR;
				CLANG_WARN_DOCUMENTATION_COMMENTS = YES;
				CLANG_WARN_EMPTY_BODY = YES;
				CLANG_WARN_ENUM_CONVERSION = YES;
				CLANG_WARN_INFINITE_RECURSION = YES;
				CLANG_WARN_INT_CONVERSION = YES;
				CLANG_WARN_OBJC_ROOT_CLASS = YES_ERROR;
				CLANG_WARN_SUSPICIOUS_MOVE = YES;
				CLANG_WARN_UNREACHABLE_CODE = YES;
				CLANG_WARN__DUPLICATE_METHOD_MATCH = YES;
				"CODE_SIGN_IDENTITY[sdk=iphoneos*]" = "iPhone Developer";
				COPY_PHASE_STRIP = NO;
				DEBUG_INFORMATION_FORMAT = dwarf;
				ENABLE_STRICT_OBJC_MSGSEND = YES;
				ENABLE_TESTABILITY = YES;
				GCC_C_LANGUAGE_STANDARD = gnu99;
				GCC_DYNAMIC_NO_PIC = NO;
				GCC_NO_COMMON_BLOCKS = YES;
				GCC_OPTIMIZATION_LEVEL = 0;
				GCC_PREPROCESSOR_DEFINITIONS = (
					"DEBUG=1",
					"$(inherited)",
				);
				GCC_WARN_64_TO_32_BIT_CONVERSION = YES;
				GCC_WARN_ABOUT_RETURN_TYPE = YES_ERROR;
				GCC_WARN_UNDECLARED_SELECTOR = YES;
				GCC_WARN_UNINITIALIZED_AUTOS = YES_AGGRESSIVE;
				GCC_WARN_UNUSED_FUNCTION = YES;
				GCC_WARN_UNUSED_VARIABLE = YES;
				IPHONEOS_DEPLOYMENT_TARGET = 10.3;
				MTL_ENABLE_DEBUG_INFO = YES;
				ONLY_ACTIVE_ARCH = YES;
				SDKROOT = iphoneos;
				SWIFT_ACTIVE_COMPILATION_CONDITIONS = DEBUG;
				SWIFT_OPTIMIZATION_LEVEL = "-Onone";
				TARGETED_DEVICE_FAMILY = "1,2";
			};
			name = Debug;
		};
		553AC7FF1E959A4200B2A658 /* Release */ = {
			isa = XCBuildConfiguration;
			buildSettings = {
				ALWAYS_SEARCH_USER_PATHS = NO;
				CLANG_ANALYZER_NONNULL = YES;
				CLANG_ANALYZER_NUMBER_OBJECT_CONVERSION = YES_AGGRESSIVE;
				CLANG_CXX_LANGUAGE_STANDARD = "gnu++0x";
				CLANG_CXX_LIBRARY = "libc++";
				CLANG_ENABLE_MODULES = YES;
				CLANG_ENABLE_OBJC_ARC = YES;
				CLANG_WARN_BOOL_CONVERSION = YES;
				CLANG_WARN_CONSTANT_CONVERSION = YES;
				CLANG_WARN_DIRECT_OBJC_ISA_USAGE = YES_ERROR;
				CLANG_WARN_DOCUMENTATION_COMMENTS = YES;
				CLANG_WARN_EMPTY_BODY = YES;
				CLANG_WARN_ENUM_CONVERSION = YES;
				CLANG_WARN_INFINITE_RECURSION = YES;
				CLANG_WARN_INT_CONVERSION = YES;
				CLANG_WARN_OBJC_ROOT_CLASS = YES_ERROR;
				CLANG_WARN_SUSPICIOUS_MOVE = YES;
				CLANG_WARN_UNREACHABLE_CODE = YES;
				CLANG_WARN__DUPLICATE_METHOD_MATCH = YES;
				"CODE_SIGN_IDENTITY[sdk=iphoneos*]" = "iPhone Developer";
				COPY_PHASE_STRIP = NO;
				DEBUG_INFORMATION_FORMAT = "dwarf-with-dsym";
				ENABLE_NS_ASSERTIONS = NO;
				ENABLE_STRICT_OBJC_MSGSEND = YES;
				GCC_C_LANGUAGE_STANDARD = gnu99;
				GCC_NO_COMMON_BLOCKS = YES;
				GCC_WARN_64_TO_32_BIT_CONVERSION = YES;
				GCC_WARN_ABOUT_RETURN_TYPE = YES_ERROR;
				GCC_WARN_UNDECLARED_SELECTOR = YES;
				GCC_WARN_UNINITIALIZED_AUTOS = YES_AGGRESSIVE;
				GCC_WARN_UNUSED_FUNCTION = YES;
				GCC_WARN_UNUSED_VARIABLE = YES;
				IPHONEOS_DEPLOYMENT_TARGET = 10.3;
				MTL_ENABLE_DEBUG_INFO = NO;
				SDKROOT = iphoneos;
				SWIFT_OPTIMIZATION_LEVEL = "-Owholemodule";
				TARGETED_DEVICE_FAMILY = "1,2";
				VALIDATE_PRODUCT = YES;
			};
			name = Release;
		};
		553AC8011E959A4200B2A658 /* Debug */ = {
			isa = XCBuildConfiguration;
			baseConfigurationReference = E7263B7AAF78990851B838C2 /* Pods-Deluge.debug.xcconfig */;
			buildSettings = {
				ASSETCATALOG_COMPILER_APPICON_NAME = AppIcon;
				DEVELOPMENT_TEAM = 7V77HPPE58;
				INFOPLIST_FILE = "Deluge/Supporting Files/Info.plist";
				LD_RUNPATH_SEARCH_PATHS = "$(inherited) @executable_path/Frameworks";
				PRODUCT_BUNDLE_IDENTIFIER = com.bana.Deluge;
				PRODUCT_NAME = "$(TARGET_NAME)";
				SWIFT_VERSION = 3.0;
			};
			name = Debug;
		};
		553AC8021E959A4200B2A658 /* Release */ = {
			isa = XCBuildConfiguration;
			baseConfigurationReference = D978AC660750F137BFF2E275 /* Pods-Deluge.release.xcconfig */;
			buildSettings = {
				ASSETCATALOG_COMPILER_APPICON_NAME = AppIcon;
				DEVELOPMENT_TEAM = 7V77HPPE58;
				INFOPLIST_FILE = "Deluge/Supporting Files/Info.plist";
				LD_RUNPATH_SEARCH_PATHS = "$(inherited) @executable_path/Frameworks";
				PRODUCT_BUNDLE_IDENTIFIER = com.bana.Deluge;
				PRODUCT_NAME = "$(TARGET_NAME)";
				SWIFT_VERSION = 3.0;
			};
			name = Release;
		};
		553AC8041E959A4200B2A658 /* Debug */ = {
			isa = XCBuildConfiguration;
			baseConfigurationReference = BAA9F2ECAC63A2F61C8B8EBB /* Pods-DelugeTests.debug.xcconfig */;
			buildSettings = {
				ALWAYS_EMBED_SWIFT_STANDARD_LIBRARIES = YES;
				BUNDLE_LOADER = "$(TEST_HOST)";
				DEVELOPMENT_TEAM = 7V77HPPE58;
				INFOPLIST_FILE = DelugeTests/Info.plist;
				LD_RUNPATH_SEARCH_PATHS = "$(inherited) @executable_path/Frameworks @loader_path/Frameworks";
				PRODUCT_BUNDLE_IDENTIFIER = com.bana.DelugeTests;
				PRODUCT_NAME = "$(TARGET_NAME)";
				SWIFT_VERSION = 3.0;
				TEST_HOST = "$(BUILT_PRODUCTS_DIR)/Deluge.app/Deluge";
			};
			name = Debug;
		};
		553AC8051E959A4200B2A658 /* Release */ = {
			isa = XCBuildConfiguration;
			baseConfigurationReference = 9889DDDB0323270F9742AE6F /* Pods-DelugeTests.release.xcconfig */;
			buildSettings = {
				ALWAYS_EMBED_SWIFT_STANDARD_LIBRARIES = YES;
				BUNDLE_LOADER = "$(TEST_HOST)";
				DEVELOPMENT_TEAM = 7V77HPPE58;
				INFOPLIST_FILE = DelugeTests/Info.plist;
				LD_RUNPATH_SEARCH_PATHS = "$(inherited) @executable_path/Frameworks @loader_path/Frameworks";
				PRODUCT_BUNDLE_IDENTIFIER = com.bana.DelugeTests;
				PRODUCT_NAME = "$(TARGET_NAME)";
				SWIFT_VERSION = 3.0;
				TEST_HOST = "$(BUILT_PRODUCTS_DIR)/Deluge.app/Deluge";
			};
			name = Release;
		};
/* End XCBuildConfiguration section */

/* Begin XCConfigurationList section */
		553AC7DE1E959A4200B2A658 /* Build configuration list for PBXProject "Deluge" */ = {
			isa = XCConfigurationList;
			buildConfigurations = (
				553AC7FE1E959A4200B2A658 /* Debug */,
				553AC7FF1E959A4200B2A658 /* Release */,
			);
			defaultConfigurationIsVisible = 0;
			defaultConfigurationName = Release;
		};
		553AC8001E959A4200B2A658 /* Build configuration list for PBXNativeTarget "Deluge" */ = {
			isa = XCConfigurationList;
			buildConfigurations = (
				553AC8011E959A4200B2A658 /* Debug */,
				553AC8021E959A4200B2A658 /* Release */,
			);
			defaultConfigurationIsVisible = 0;
			defaultConfigurationName = Release;
		};
		553AC8031E959A4200B2A658 /* Build configuration list for PBXNativeTarget "DelugeTests" */ = {
			isa = XCConfigurationList;
			buildConfigurations = (
				553AC8041E959A4200B2A658 /* Debug */,
				553AC8051E959A4200B2A658 /* Release */,
			);
			defaultConfigurationIsVisible = 0;
			defaultConfigurationName = Release;
		};
/* End XCConfigurationList section */
	};
	rootObject = 553AC7DB1E959A4200B2A658 /* Project object */;
}
